
Microsoft Visual Studio Solution File, Format Version 12.00
# Visual Studio Version 17
VisualStudioVersion = 17.0.31903.59
MinimumVisualStudioVersion = 10.0.40219.1
Project("{2150E333-8FDC-42A3-9474-1A3956D46DE8}") = "src", "src", "{827E0CD3-B72D-47B6-A68D-7590B98EB39B}"
EndProject
Project("{FAE04EC0-301F-11D3-BF4B-00C04F79EFBC}") = "Platform.Domain", "src\Platform.Domain\Platform.Domain.csproj", "{C757833A-3699-49E2-9C94-1D05E2F12EA3}"
EndProject
Project("{FAE04EC0-301F-11D3-BF4B-00C04F79EFBC}") = "Platform.Application", "src\Platform.Application\Platform.Application.csproj", "{BB61B7E3-A08A-4730-BF6D-4ACF9D766D14}"
EndProject
Project("{FAE04EC0-301F-11D3-BF4B-00C04F79EFBC}") = "Platform.Infrastructure", "src\Platform.Infrastructure\Platform.Infrastructure.csproj", "{B1B250C9-2BF6-43A2-8162-EB3A58A9A80E}"
EndProject
Project("{FAE04EC0-301F-11D3-BF4B-00C04F79EFBC}") = "Platform.Api", "src\Platform.Api\Platform.Api.csproj", "{392DE73C-86A7-447A-AF0B-D9E0327874D0}"
EndProject
Project("{FAE04EC0-301F-11D3-BF4B-00C04F79EFBC}") = "Platform.Admin", "src\Platform.Admin\Platform.Admin.csproj", "{45A23081-8A61-452C-83F7-55A26FD9E90A}"
EndProject
Project("{FAE04EC0-301F-11D3-BF4B-00C04F79EFBC}") = "Platform.Worker", "src\Platform.Worker\Platform.Worker.csproj", "{87031C7A-4941-4EE3-9037-9F86B1EAB69B}"
EndProject
Project("{FAE04EC0-301F-11D3-BF4B-00C04F79EFBC}") = "Platform.Client.Core", "src\Platform.Client.Core\Platform.Client.Core.csproj", "{8942DF1E-D0EA-4027-9710-E08E99D2F349}"
EndProject
Project("{FAE04EC0-301F-11D3-BF4B-00C04F79EFBC}") = "Platform.Client.Wpf", "src\Platform.Client.Wpf\Platform.Client.Wpf.csproj", "{1E4E072B-6536-4E95-9CF6-1B05472E276E}"
EndProject
Project("{2150E333-8FDC-42A3-9474-1A3956D46DE8}") = "tests", "tests", "{2CA5B821-E2FA-4780-82A1-5FD541DD2A72}"
EndProject
Project("{FAE04EC0-301F-11D3-BF4B-00C04F79EFBC}") = "Platform.Server.Tests", "tests\Platform.Server.Tests\Platform.Server.Tests.csproj", "{93015387-BF35-43E9-897A-2BCF55BB1BB0}"
EndProject
Project("{FAE04EC0-301F-11D3-BF4B-00C04F79EFBC}") = "Platform.Client.Tests", "tests\Platform.Client.Tests\Platform.Client.Tests.csproj", "{20DDDB2D-54A7-406B-AAAD-36A516597AFB}"
EndProject
Global
	GlobalSection(SolutionConfigurationPlatforms) = preSolution
		Debug|Any CPU = Debug|Any CPU
		Debug|x64 = Debug|x64
		Debug|x86 = Debug|x86
		Release|Any CPU = Release|Any CPU
		Release|x64 = Release|x64
		Release|x86 = Release|x86
	EndGlobalSection
	GlobalSection(ProjectConfigurationPlatforms) = postSolution
		{C757833A-3699-49E2-9C94-1D05E2F12EA3}.Debug|Any CPU.ActiveCfg = Debug|Any CPU
		{C757833A-3699-49E2-9C94-1D05E2F12EA3}.Debug|Any CPU.Build.0 = Debug|Any CPU
		{C757833A-3699-49E2-9C94-1D05E2F12EA3}.Debug|x64.ActiveCfg = Debug|Any CPU
		{C757833A-3699-49E2-9C94-1D05E2F12EA3}.Debug|x64.Build.0 = Debug|Any CPU
		{C757833A-3699-49E2-9C94-1D05E2F12EA3}.Debug|x86.ActiveCfg = Debug|Any CPU
		{C757833A-3699-49E2-9C94-1D05E2F12EA3}.Debug|x86.Build.0 = Debug|Any CPU
		{C757833A-3699-49E2-9C94-1D05E2F12EA3}.Release|Any CPU.ActiveCfg = Release|Any CPU
		{C757833A-3699-49E2-9C94-1D05E2F12EA3}.Release|Any CPU.Build.0 = Release|Any CPU
		{C757833A-3699-49E2-9C94-1D05E2F12EA3}.Release|x64.ActiveCfg = Release|Any CPU
		{C757833A-3699-49E2-9C94-1D05E2F12EA3}.Release|x64.Build.0 = Release|Any CPU
		{C757833A-3699-49E2-9C94-1D05E2F12EA3}.Release|x86.ActiveCfg = Release|Any CPU
		{C757833A-3699-49E2-9C94-1D05E2F12EA3}.Release|x86.Build.0 = Release|Any CPU
		{BB61B7E3-A08A-4730-BF6D-4ACF9D766D14}.Debug|Any CPU.ActiveCfg = Debug|Any CPU
		{BB61B7E3-A08A-4730-BF6D-4ACF9D766D14}.Debug|Any CPU.Build.0 = Debug|Any CPU
		{BB61B7E3-A08A-4730-BF6D-4ACF9D766D14}.Debug|x64.ActiveCfg = Debug|Any CPU
		{BB61B7E3-A08A-4730-BF6D-4ACF9D766D14}.Debug|x64.Build.0 = Debug|Any CPU
		{BB61B7E3-A08A-4730-BF6D-4ACF9D766D14}.Debug|x86.ActiveCfg = Debug|Any CPU
		{BB61B7E3-A08A-4730-BF6D-4ACF9D766D14}.Debug|x86.Build.0 = Debug|Any CPU
		{BB61B7E3-A08A-4730-BF6D-4ACF9D766D14}.Release|Any CPU.ActiveCfg = Release|Any CPU
		{BB61B7E3-A08A-4730-BF6D-4ACF9D766D14}.Release|Any CPU.Build.0 = Release|Any CPU
		{BB61B7E3-A08A-4730-BF6D-4ACF9D766D14}.Release|x64.ActiveCfg = Release|Any CPU
		{BB61B7E3-A08A-4730-BF6D-4ACF9D766D14}.Release|x64.Build.0 = Release|Any CPU
		{BB61B7E3-A08A-4730-BF6D-4ACF9D766D14}.Release|x86.ActiveCfg = Release|Any CPU
		{BB61B7E3-A08A-4730-BF6D-4ACF9D766D14}.Release|x86.Build.0 = Release|Any CPU
		{B1B250C9-2BF6-43A2-8162-EB3A58A9A80E}.Debug|Any CPU.ActiveCfg = Debug|Any CPU
		{B1B250C9-2BF6-43A2-8162-EB3A58A9A80E}.Debug|Any CPU.Build.0 = Debug|Any CPU
		{B1B250C9-2BF6-43A2-8162-EB3A58A9A80E}.Debug|x64.ActiveCfg = Debug|Any CPU
		{B1B250C9-2BF6-43A2-8162-EB3A58A9A80E}.Debug|x64.Build.0 = Debug|Any CPU
		{B1B250C9-2BF6-43A2-8162-EB3A58A9A80E}.Debug|x86.ActiveCfg = Debug|Any CPU
		{B1B250C9-2BF6-43A2-8162-EB3A58A9A80E}.Debug|x86.Build.0 = Debug|Any CPU
		{B1B250C9-2BF6-43A2-8162-EB3A58A9A80E}.Release|Any CPU.ActiveCfg = Release|Any CPU
		{B1B250C9-2BF6-43A2-8162-EB3A58A9A80E}.Release|Any CPU.Build.0 = Release|Any CPU
		{B1B250C9-2BF6-43A2-8162-EB3A58A9A80E}.Release|x64.ActiveCfg = Release|Any CPU
		{B1B250C9-2BF6-43A2-8162-EB3A58A9A80E}.Release|x64.Build.0 = Release|Any CPU
		{B1B250C9-2BF6-43A2-8162-EB3A58A9A80E}.Release|x86.ActiveCfg = Release|Any CPU
		{B1B250C9-2BF6-43A2-8162-EB3A58A9A80E}.Release|x86.Build.0 = Release|Any CPU
		{392DE73C-86A7-447A-AF0B-D9E0327874D0}.Debug|Any CPU.ActiveCfg = Debug|Any CPU
		{392DE73C-86A7-447A-AF0B-D9E0327874D0}.Debug|Any CPU.Build.0 = Debug|Any CPU
		{392DE73C-86A7-447A-AF0B-D9E0327874D0}.Debug|x64.ActiveCfg = Debug|Any CPU
		{392DE73C-86A7-447A-AF0B-D9E0327874D0}.Debug|x64.Build.0 = Debug|Any CPU
		{392DE73C-86A7-447A-AF0B-D9E0327874D0}.Debug|x86.ActiveCfg = Debug|Any CPU
		{392DE73C-86A7-447A-AF0B-D9E0327874D0}.Debug|x86.Build.0 = Debug|Any CPU
		{392DE73C-86A7-447A-AF0B-D9E0327874D0}.Release|Any CPU.ActiveCfg = Release|Any CPU
		{392DE73C-86A7-447A-AF0B-D9E0327874D0}.Release|Any CPU.Build.0 = Release|Any CPU
		{392DE73C-86A7-447A-AF0B-D9E0327874D0}.Release|x64.ActiveCfg = Release|Any CPU
		{392DE73C-86A7-447A-AF0B-D9E0327874D0}.Release|x64.Build.0 = Release|Any CPU
		{392DE73C-86A7-447A-AF0B-D9E0327874D0}.Release|x86.ActiveCfg = Release|Any CPU
		{392DE73C-86A7-447A-AF0B-D9E0327874D0}.Release|x86.Build.0 = Release|Any CPU
		{45A23081-8A61-452C-83F7-55A26FD9E90A}.Debug|Any CPU.ActiveCfg = Debug|Any CPU
		{45A23081-8A61-452C-83F7-55A26FD9E90A}.Debug|Any CPU.Build.0 = Debug|Any CPU
		{45A23081-8A61-452C-83F7-55A26FD9E90A}.Debug|x64.ActiveCfg = Debug|Any CPU
		{45A23081-8A61-452C-83F7-55A26FD9E90A}.Debug|x64.Build.0 = Debug|Any CPU
		{45A23081-8A61-452C-83F7-55A26FD9E90A}.Debug|x86.ActiveCfg = Debug|Any CPU
		{45A23081-8A61-452C-83F7-55A26FD9E90A}.Debug|x86.Build.0 = Debug|Any CPU
		{45A23081-8A61-452C-83F7-55A26FD9E90A}.Release|Any CPU.ActiveCfg = Release|Any CPU
		{45A23081-8A61-452C-83F7-55A26FD9E90A}.Release|Any CPU.Build.0 = Release|Any CPU
		{45A23081-8A61-452C-83F7-55A26FD9E90A}.Release|x64.ActiveCfg = Release|Any CPU
		{45A23081-8A61-452C-83F7-55A26FD9E90A}.Release|x64.Build.0 = Release|Any CPU
		{45A23081-8A61-452C-83F7-55A26FD9E90A}.Release|x86.ActiveCfg = Release|Any CPU
		{45A23081-8A61-452C-83F7-55A26FD9E90A}.Release|x86.Build.0 = Release|Any CPU
		{87031C7A-4941-4EE3-9037-9F86B1EAB69B}.Debug|Any CPU.ActiveCfg = Debug|Any CPU
		{87031C7A-4941-4EE3-9037-9F86B1EAB69B}.Debug|Any CPU.Build.0 = Debug|Any CPU
		{87031C7A-4941-4EE3-9037-9F86B1EAB69B}.Debug|x64.ActiveCfg = Debug|Any CPU
		{87031C7A-4941-4EE3-9037-9F86B1EAB69B}.Debug|x64.Build.0 = Debug|Any CPU
		{87031C7A-4941-4EE3-9037-9F86B1EAB69B}.Debug|x86.ActiveCfg = Debug|Any CPU
		{87031C7A-4941-4EE3-9037-9F86B1EAB69B}.Debug|x86.Build.0 = Debug|Any CPU
		{87031C7A-4941-4EE3-9037-9F86B1EAB69B}.Release|Any CPU.ActiveCfg = Release|Any CPU
		{87031C7A-4941-4EE3-9037-9F86B1EAB69B}.Release|Any CPU.Build.0 = Release|Any CPU
		{87031C7A-4941-4EE3-9037-9F86B1EAB69B}.Release|x64.ActiveCfg = Release|Any CPU
		{87031C7A-4941-4EE3-9037-9F86B1EAB69B}.Release|x64.Build.0 = Release|Any CPU
		{87031C7A-4941-4EE3-9037-9F86B1EAB69B}.Release|x86.ActiveCfg = Release|Any CPU
		{87031C7A-4941-4EE3-9037-9F86B1EAB69B}.Release|x86.Build.0 = Release|Any CPU
		{8942DF1E-D0EA-4027-9710-E08E99D2F349}.Debug|Any CPU.ActiveCfg = Debug|Any CPU
		{8942DF1E-D0EA-4027-9710-E08E99D2F349}.Debug|Any CPU.Build.0 = Debug|Any CPU
		{8942DF1E-D0EA-4027-9710-E08E99D2F349}.Debug|x64.ActiveCfg = Debug|Any CPU
		{8942DF1E-D0EA-4027-9710-E08E99D2F349}.Debug|x64.Build.0 = Debug|Any CPU
		{8942DF1E-D0EA-4027-9710-E08E99D2F349}.Debug|x86.ActiveCfg = Debug|Any CPU
		{8942DF1E-D0EA-4027-9710-E08E99D2F349}.Debug|x86.Build.0 = Debug|Any CPU
		{8942DF1E-D0EA-4027-9710-E08E99D2F349}.Release|Any CPU.ActiveCfg = Release|Any CPU
		{8942DF1E-D0EA-4027-9710-E08E99D2F349}.Release|Any CPU.Build.0 = Release|Any CPU
		{8942DF1E-D0EA-4027-9710-E08E99D2F349}.Release|x64.ActiveCfg = Release|Any CPU
		{8942DF1E-D0EA-4027-9710-E08E99D2F349}.Release|x64.Build.0 = Release|Any CPU
		{8942DF1E-D0EA-4027-9710-E08E99D2F349}.Release|x86.ActiveCfg = Release|Any CPU
		{8942DF1E-D0EA-4027-9710-E08E99D2F349}.Release|x86.Build.0 = Release|Any CPU
		{1E4E072B-6536-4E95-9CF6-1B05472E276E}.Debug|Any CPU.ActiveCfg = Debug|Any CPU
		{1E4E072B-6536-4E95-9CF6-1B05472E276E}.Debug|Any CPU.Build.0 = Debug|Any CPU
		{1E4E072B-6536-4E95-9CF6-1B05472E276E}.Debug|x64.ActiveCfg = Debug|Any CPU
		{1E4E072B-6536-4E95-9CF6-1B05472E276E}.Debug|x64.Build.0 = Debug|Any CPU
		{1E4E072B-6536-4E95-9CF6-1B05472E276E}.Debug|x86.ActiveCfg = Debug|Any CPU
		{1E4E072B-6536-4E95-9CF6-1B05472E276E}.Debug|x86.Build.0 = Debug|Any CPU
		{1E4E072B-6536-4E95-9CF6-1B05472E276E}.Release|Any CPU.ActiveCfg = Release|Any CPU
		{1E4E072B-6536-4E95-9CF6-1B05472E276E}.Release|Any CPU.Build.0 = Release|Any CPU
		{1E4E072B-6536-4E95-9CF6-1B05472E276E}.Release|x64.ActiveCfg = Release|Any CPU
		{1E4E072B-6536-4E95-9CF6-1B05472E276E}.Release|x64.Build.0 = Release|Any CPU
		{1E4E072B-6536-4E95-9CF6-1B05472E276E}.Release|x86.ActiveCfg = Release|Any CPU
		{1E4E072B-6536-4E95-9CF6-1B05472E276E}.Release|x86.Build.0 = Release|Any CPU
		{93015387-BF35-43E9-897A-2BCF55BB1BB0}.Debug|Any CPU.ActiveCfg = Debug|Any CPU
		{93015387-BF35-43E9-897A-2BCF55BB1BB0}.Debug|Any CPU.Build.0 = Debug|Any CPU
		{93015387-BF35-43E9-897A-2BCF55BB1BB0}.Debug|x64.ActiveCfg = Debug|Any CPU
		{93015387-BF35-43E9-897A-2BCF55BB1BB0}.Debug|x64.Build.0 = Debug|Any CPU
		{93015387-BF35-43E9-897A-2BCF55BB1BB0}.Debug|x86.ActiveCfg = Debug|Any CPU
		{93015387-BF35-43E9-897A-2BCF55BB1BB0}.Debug|x86.Build.0 = Debug|Any CPU
		{93015387-BF35-43E9-897A-2BCF55BB1BB0}.Release|Any CPU.ActiveCfg = Release|Any CPU
		{93015387-BF35-43E9-897A-2BCF55BB1BB0}.Release|Any CPU.Build.0 = Release|Any CPU
		{93015387-BF35-43E9-897A-2BCF55BB1BB0}.Release|x64.ActiveCfg = Release|Any CPU
		{93015387-BF35-43E9-897A-2BCF55BB1BB0}.Release|x64.Build.0 = Release|Any CPU
		{93015387-BF35-43E9-897A-2BCF55BB1BB0}.Release|x86.ActiveCfg = Release|Any CPU
		{93015387-BF35-43E9-897A-2BCF55BB1BB0}.Release|x86.Build.0 = Release|Any CPU
		{20DDDB2D-54A7-406B-AAAD-36A516597AFB}.Debug|Any CPU.ActiveCfg = Debug|Any CPU
		{20DDDB2D-54A7-406B-AAAD-36A516597AFB}.Debug|Any CPU.Build.0 = Debug|Any CPU
		{20DDDB2D-54A7-406B-AAAD-36A516597AFB}.Debug|x64.ActiveCfg = Debug|Any CPU
		{20DDDB2D-54A7-406B-AAAD-36A516597AFB}.Debug|x64.Build.0 = Debug|Any CPU
		{20DDDB2D-54A7-406B-AAAD-36A516597AFB}.Debug|x86.ActiveCfg = Debug|Any CPU
		{20DDDB2D-54A7-406B-AAAD-36A516597AFB}.Debug|x86.Build.0 = Debug|Any CPU
		{20DDDB2D-54A7-406B-AAAD-36A516597AFB}.Release|Any CPU.ActiveCfg = Release|Any CPU
		{20DDDB2D-54A7-406B-AAAD-36A516597AFB}.Release|Any CPU.Build.0 = Release|Any CPU
		{20DDDB2D-54A7-406B-AAAD-36A516597AFB}.Release|x64.ActiveCfg = Release|Any CPU
		{20DDDB2D-54A7-406B-AAAD-36A516597AFB}.Release|x64.Build.0 = Release|Any CPU
		{20DDDB2D-54A7-406B-AAAD-36A516597AFB}.Release|x86.ActiveCfg = Release|Any CPU
		{20DDDB2D-54A7-406B-AAAD-36A516597AFB}.Release|x86.Build.0 = Release|Any CPU
	EndGlobalSection
	GlobalSection(SolutionProperties) = preSolution
		HideSolutionNode = FALSE
	EndGlobalSection
	GlobalSection(NestedProjects) = preSolution
		{C757833A-3699-49E2-9C94-1D05E2F12EA3} = {827E0CD3-B72D-47B6-A68D-7590B98EB39B}
		{BB61B7E3-A08A-4730-BF6D-4ACF9D766D14} = {827E0CD3-B72D-47B6-A68D-7590B98EB39B}
		{B1B250C9-2BF6-43A2-8162-EB3A58A9A80E} = {827E0CD3-B72D-47B6-A68D-7590B98EB39B}
		{392DE73C-86A7-447A-AF0B-D9E0327874D0} = {827E0CD3-B72D-47B6-A68D-7590B98EB39B}
		{45A23081-8A61-452C-83F7-55A26FD9E90A} = {827E0CD3-B72D-47B6-A68D-7590B98EB39B}
		{87031C7A-4941-4EE3-9037-9F86B1EAB69B} = {827E0CD3-B72D-47B6-A68D-7590B98EB39B}
		{8942DF1E-D0EA-4027-9710-E08E99D2F349} = {827E0CD3-B72D-47B6-A68D-7590B98EB39B}
		{1E4E072B-6536-4E95-9CF6-1B05472E276E} = {827E0CD3-B72D-47B6-A68D-7590B98EB39B}
		{93015387-BF35-43E9-897A-2BCF55BB1BB0} = {2CA5B821-E2FA-4780-82A1-5FD541DD2A72}
		{20DDDB2D-54A7-406B-AAAD-36A516597AFB} = {2CA5B821-E2FA-4780-82A1-5FD541DD2A72}
	EndGlobalSection
EndGlobal
